// !$*UTF8*$!
{
	archiveVersion = 1;
	classes = {
	};
	objectVersion = 50;
	objects = {

/* Begin PBXBuildFile section */
		E2AA39D822F6EF1B007B6245 /* AppDelegate.swift in Sources */ = {isa = PBXBuildFile; fileRef = E2AA39D722F6EF1B007B6245 /* AppDelegate.swift */; };
		E2AA39DF22F6EF1B007B6245 /* Main.storyboard in Resources */ = {isa = PBXBuildFile; fileRef = E2AA39DD22F6EF1B007B6245 /* Main.storyboard */; };
		E2AA39E122F6EF1C007B6245 /* Assets.xcassets in Resources */ = {isa = PBXBuildFile; fileRef = E2AA39E022F6EF1C007B6245 /* Assets.xcassets */; };
		E2AA39E422F6EF1C007B6245 /* LaunchScreen.storyboard in Resources */ = {isa = PBXBuildFile; fileRef = E2AA39E222F6EF1C007B6245 /* LaunchScreen.storyboard */; };
		E2AAAEE322FB5EB400DBA1ED /* CalanqueCellAlternative.swift in Sources */ = {isa = PBXBuildFile; fileRef = E2AAAEE222FB5EB400DBA1ED /* CalanqueCellAlternative.swift */; };
		E2AAAEE522FB6F8800DBA1ED /* DetailController.swift in Sources */ = {isa = PBXBuildFile; fileRef = E2AAAEE422FB6F8800DBA1ED /* DetailController.swift */; };
		E2AAAEE722FB833000DBA1ED /* Boutton_arrondi.swift in Sources */ = {isa = PBXBuildFile; fileRef = E2AAAEE622FB833000DBA1ED /* Boutton_arrondi.swift */; };
		E2AAAEE922FB93B500DBA1ED /* MonAnnotation.swift in Sources */ = {isa = PBXBuildFile; fileRef = E2AAAEE822FB93B500DBA1ED /* MonAnnotation.swift */; };
		E2CF44A722FAD2E800D9E948 /* Calanques.swift in Sources */ = {isa = PBXBuildFile; fileRef = E2CF44A622FAD2E800D9E948 /* Calanques.swift */; };
		E2CF44A922FAD5A600D9E948 /* CalanqueCollection.swift in Sources */ = {isa = PBXBuildFile; fileRef = E2CF44A822FAD5A600D9E948 /* CalanqueCollection.swift */; };
		E2CF44AB22FAD78F00D9E948 /* ControllerAvecTableView.swift in Sources */ = {isa = PBXBuildFile; fileRef = E2CF44AA22FAD78F00D9E948 /* ControllerAvecTableView.swift */; };
		E2CF44AD22FAD7AE00D9E948 /* ControllerAvecCarte.swift in Sources */ = {isa = PBXBuildFile; fileRef = E2CF44AC22FAD7AE00D9E948 /* ControllerAvecCarte.swift */; };
		E2CF44AF22FAD80300D9E948 /* TableViewIntegreeController.swift in Sources */ = {isa = PBXBuildFile; fileRef = E2CF44AE22FAD80300D9E948 /* TableViewIntegreeController.swift */; };
		E2CF44B322FAE1F900D9E948 /* CalanqueCell.swift in Sources */ = {isa = PBXBuildFile; fileRef = E2CF44B222FAE1F900D9E948 /* CalanqueCell.swift */; };
		E2CF44B522FAEDC700D9E948 /* ImageRonde.swift in Sources */ = {isa = PBXBuildFile; fileRef = E2CF44B422FAEDC700D9E948 /* ImageRonde.swift */; };
		E2F7876E22FC454500F2FFEE /* MonAnnotationView.swift in Sources */ = {isa = PBXBuildFile; fileRef = E2F7876D22FC454500F2FFEE /* MonAnnotationView.swift */; };
/* End PBXBuildFile section */

/* Begin PBXFileReference section */
		E2AA39D422F6EF1B007B6245 /* Les Calanques vf.app */ = {isa = PBXFileReference; explicitFileType = wrapper.application; includeInIndex = 0; path = "Les Calanques vf.app"; sourceTree = BUILT_PRODUCTS_DIR; };
		E2AA39D722F6EF1B007B6245 /* AppDelegate.swift */ = {isa = PBXFileReference; lastKnownFileType = sourcecode.swift; path = AppDelegate.swift; sourceTree = "<group>"; };
		E2AA39DE22F6EF1B007B6245 /* Base */ = {isa = PBXFileReference; lastKnownFileType = file.storyboard; name = Base; path = Base.lproj/Main.storyboard; sourceTree = "<group>"; };
		E2AA39E022F6EF1C007B6245 /* Assets.xcassets */ = {isa = PBXFileReference; lastKnownFileType = folder.assetcatalog; path = Assets.xcassets; sourceTree = "<group>"; };
		E2AA39E322F6EF1C007B6245 /* Base */ = {isa = PBXFileReference; lastKnownFileType = file.storyboard; name = Base; path = Base.lproj/LaunchScreen.storyboard; sourceTree = "<group>"; };
		E2AA39E522F6EF1C007B6245 /* Info.plist */ = {isa = PBXFileReference; lastKnownFileType = text.plist.xml; path = Info.plist; sourceTree = "<group>"; };
		E2AAAEE222FB5EB400DBA1ED /* CalanqueCellAlternative.swift */ = {isa = PBXFileReference; lastKnownFileType = sourcecode.swift; path = CalanqueCellAlternative.swift; sourceTree = "<group>"; };
		E2AAAEE422FB6F8800DBA1ED /* DetailController.swift */ = {isa = PBXFileReference; lastKnownFileType = sourcecode.swift; path = DetailController.swift; sourceTree = "<group>"; };
		E2AAAEE622FB833000DBA1ED /* Boutton_arrondi.swift */ = {isa = PBXFileReference; lastKnownFileType = sourcecode.swift; path = Boutton_arrondi.swift; sourceTree = "<group>"; };
		E2AAAEE822FB93B500DBA1ED /* MonAnnotation.swift */ = {isa = PBXFileReference; lastKnownFileType = sourcecode.swift; path = MonAnnotation.swift; sourceTree = "<group>"; };
		E2CF44A622FAD2E800D9E948 /* Calanques.swift */ = {isa = PBXFileReference; lastKnownFileType = sourcecode.swift; path = Calanques.swift; sourceTree = "<group>"; };
		E2CF44A822FAD5A600D9E948 /* CalanqueCollection.swift */ = {isa = PBXFileReference; lastKnownFileType = sourcecode.swift; path = CalanqueCollection.swift; sourceTree = "<group>"; };
		E2CF44AA22FAD78F00D9E948 /* ControllerAvecTableView.swift */ = {isa = PBXFileReference; lastKnownFileType = sourcecode.swift; path = ControllerAvecTableView.swift; sourceTree = "<group>"; };
		E2CF44AC22FAD7AE00D9E948 /* ControllerAvecCarte.swift */ = {isa = PBXFileReference; lastKnownFileType = sourcecode.swift; path = ControllerAvecCarte.swift; sourceTree = "<group>"; };
		E2CF44AE22FAD80300D9E948 /* TableViewIntegreeController.swift */ = {isa = PBXFileReference; lastKnownFileType = sourcecode.swift; path = TableViewIntegreeController.swift; sourceTree = "<group>"; };
		E2CF44B022FADBCA00D9E948 /* fr */ = {isa = PBXFileReference; lastKnownFileType = text.plist.strings; name = fr; path = fr.lproj/Main.strings; sourceTree = "<group>"; };
		E2CF44B122FADBCB00D9E948 /* fr */ = {isa = PBXFileReference; lastKnownFileType = text.plist.strings; name = fr; path = fr.lproj/LaunchScreen.strings; sourceTree = "<group>"; };
		E2CF44B222FAE1F900D9E948 /* CalanqueCell.swift */ = {isa = PBXFileReference; lastKnownFileType = sourcecode.swift; path = CalanqueCell.swift; sourceTree = "<group>"; };
		E2CF44B422FAEDC700D9E948 /* ImageRonde.swift */ = {isa = PBXFileReference; lastKnownFileType = sourcecode.swift; path = ImageRonde.swift; sourceTree = "<group>"; };
		E2F7876D22FC454500F2FFEE /* MonAnnotationView.swift */ = {isa = PBXFileReference; lastKnownFileType = sourcecode.swift; path = MonAnnotationView.swift; sourceTree = "<group>"; };
/* End PBXFileReference section */

/* Begin PBXFrameworksBuildPhase section */
		E2AA39D122F6EF1A007B6245 /* Frameworks */ = {
			isa = PBXFrameworksBuildPhase;
			buildActionMask = 2147483647;
			files = (
			);
			runOnlyForDeploymentPostprocessing = 0;
		};
/* End PBXFrameworksBuildPhase section */

/* Begin PBXGroup section */
		E2AA39CB22F6EF1A007B6245 = {
			isa = PBXGroup;
			children = (
				E2AA39D622F6EF1B007B6245 /* Les Calanques vf */,
				E2AA39D522F6EF1B007B6245 /* Products */,
			);
			sourceTree = "<group>";
		};
		E2AA39D522F6EF1B007B6245 /* Products */ = {
			isa = PBXGroup;
			children = (
				E2AA39D422F6EF1B007B6245 /* Les Calanques vf.app */,
			);
			name = Products;
			sourceTree = "<group>";
		};
		E2AA39D622F6EF1B007B6245 /* Les Calanques vf */ = {
			isa = PBXGroup;
			children = (
				E2CF44A322FAD1BC00D9E948 /* Modele */,
				E2CF44A422FAD1C900D9E948 /* Vue */,
				E2CF44A522FAD1D000D9E948 /* Controller */,
				E2AA39D722F6EF1B007B6245 /* AppDelegate.swift */,
				E2AA39DD22F6EF1B007B6245 /* Main.storyboard */,
				E2AA39E022F6EF1C007B6245 /* Assets.xcassets */,
				E2AA39E222F6EF1C007B6245 /* LaunchScreen.storyboard */,
				E2AA39E522F6EF1C007B6245 /* Info.plist */,
			);
			path = "Les Calanques vf";
			sourceTree = "<group>";
		};
		E2CF44A322FAD1BC00D9E948 /* Modele */ = {
			isa = PBXGroup;
			children = (
				E2CF44A622FAD2E800D9E948 /* Calanques.swift */,
				E2CF44A822FAD5A600D9E948 /* CalanqueCollection.swift */,
				E2AAAEE822FB93B500DBA1ED /* MonAnnotation.swift */,
			);
			path = Modele;
			sourceTree = "<group>";
		};
		E2CF44A422FAD1C900D9E948 /* Vue */ = {
			isa = PBXGroup;
			children = (
				E2CF44B222FAE1F900D9E948 /* CalanqueCell.swift */,
				E2CF44B422FAEDC700D9E948 /* ImageRonde.swift */,
				E2AAAEE222FB5EB400DBA1ED /* CalanqueCellAlternative.swift */,
				E2AAAEE622FB833000DBA1ED /* Boutton_arrondi.swift */,
				E2F7876D22FC454500F2FFEE /* MonAnnotationView.swift */,
			);
			path = Vue;
			sourceTree = "<group>";
		};
		E2CF44A522FAD1D000D9E948 /* Controller */ = {
			isa = PBXGroup;
			children = (
				E2CF44AA22FAD78F00D9E948 /* ControllerAvecTableView.swift */,
				E2CF44AC22FAD7AE00D9E948 /* ControllerAvecCarte.swift */,
				E2CF44AE22FAD80300D9E948 /* TableViewIntegreeController.swift */,
				E2AAAEE422FB6F8800DBA1ED /* DetailController.swift */,
			);
			path = Controller;
			sourceTree = "<group>";
		};
/* End PBXGroup section */

/* Begin PBXNativeTarget section */
		E2AA39D322F6EF1A007B6245 /* Les Calanques vf */ = {
			isa = PBXNativeTarget;
			buildConfigurationList = E2AA39E822F6EF1C007B6245 /* Build configuration list for PBXNativeTarget "Les Calanques vf" */;
			buildPhases = (
				E2AA39D022F6EF1A007B6245 /* Sources */,
				E2AA39D122F6EF1A007B6245 /* Frameworks */,
				E2AA39D222F6EF1A007B6245 /* Resources */,
			);
			buildRules = (
			);
			dependencies = (
			);
			name = "Les Calanques vf";
			productName = "Les Calanques vf";
			productReference = E2AA39D422F6EF1B007B6245 /* Les Calanques vf.app */;
			productType = "com.apple.product-type.application";
		};
/* End PBXNativeTarget section */

/* Begin PBXProject section */
		E2AA39CC22F6EF1A007B6245 /* Project object */ = {
			isa = PBXProject;
			attributes = {
				LastSwiftUpdateCheck = 1030;
				LastUpgradeCheck = 1030;
				ORGANIZATIONNAME = "TRAORE Lionel";
				TargetAttributes = {
					E2AA39D322F6EF1A007B6245 = {
						CreatedOnToolsVersion = 10.3;
					};
				};
			};
			buildConfigurationList = E2AA39CF22F6EF1A007B6245 /* Build configuration list for PBXProject "Les Calanques vf" */;
			compatibilityVersion = "Xcode 9.3";
			developmentRegion = en;
			hasScannedForEncodings = 0;
			knownRegions = (
				en,
				Base,
				fr,
			);
			mainGroup = E2AA39CB22F6EF1A007B6245;
			productRefGroup = E2AA39D522F6EF1B007B6245 /* Products */;
			projectDirPath = "";
			projectRoot = "";
			targets = (
				E2AA39D322F6EF1A007B6245 /* Les Calanques vf */,
			);
		};
/* End PBXProject section */

/* Begin PBXResourcesBuildPhase section */
		E2AA39D222F6EF1A007B6245 /* Resources */ = {
			isa = PBXResourcesBuildPhase;
			buildActionMask = 2147483647;
			files = (
				E2AA39E422F6EF1C007B6245 /* LaunchScreen.storyboard in Resources */,
				E2AA39E122F6EF1C007B6245 /* Assets.xcassets in Resources */,
				E2AA39DF22F6EF1B007B6245 /* Main.storyboard in Resources */,
			);
			runOnlyForDeploymentPostprocessing = 0;
		};
/* End PBXResourcesBuildPhase section */

/* Begin PBXSourcesBuildPhase section */
		E2AA39D022F6EF1A007B6245 /* Sources */ = {
			isa = PBXSourcesBuildPhase;
			buildActionMask = 2147483647;
			files = (
				E2CF44AF22FAD80300D9E948 /* TableViewIntegreeController.swift in Sources */,
				E2AA39D822F6EF1B007B6245 /* AppDelegate.swift in Sources */,
				E2F7876E22FC454500F2FFEE /* MonAnnotationView.swift in Sources */,
				E2CF44B322FAE1F900D9E948 /* CalanqueCell.swift in Sources */,
				E2AAAEE922FB93B500DBA1ED /* MonAnnotation.swift in Sources */,
				E2CF44A922FAD5A600D9E948 /* CalanqueCollection.swift in Sources */,
				E2CF44AD22FAD7AE00D9E948 /* ControllerAvecCarte.swift in Sources */,
				E2AAAEE322FB5EB400DBA1ED /* CalanqueCellAlternative.swift in Sources */,
				E2AAAEE722FB833000DBA1ED /* Boutton_arrondi.swift in Sources */,
				E2CF44AB22FAD78F00D9E948 /* ControllerAvecTableView.swift in Sources */,
				E2CF44B522FAEDC700D9E948 /* ImageRonde.swift in Sources */,
				E2AAAEE522FB6F8800DBA1ED /* DetailController.swift in Sources */,
				E2CF44A722FAD2E800D9E948 /* Calanques.swift in Sources */,
			);
			runOnlyForDeploymentPostprocessing = 0;
		};
/* End PBXSourcesBuildPhase section */

/* Begin PBXVariantGroup section */
		E2AA39DD22F6EF1B007B6245 /* Main.storyboard */ = {
			isa = PBXVariantGroup;
			children = (
				E2AA39DE22F6EF1B007B6245 /* Base */,
				E2CF44B022FADBCA00D9E948 /* fr */,
			);
			name = Main.storyboard;
			sourceTree = "<group>";
		};
		E2AA39E222F6EF1C007B6245 /* LaunchScreen.storyboard */ = {
			isa = PBXVariantGroup;
			children = (
				E2AA39E322F6EF1C007B6245 /* Base */,
				E2CF44B122FADBCB00D9E948 /* fr */,
			);
			name = LaunchScreen.storyboard;
			sourceTree = "<group>";
		};
/* End PBXVariantGroup section */

/* Begin XCBuildConfiguration section */
		E2AA39E622F6EF1C007B6245 /* Debug */ = {
			isa = XCBuildConfiguration;
			buildSettings = {
				ALWAYS_SEARCH_USER_PATHS = NO;
				CLANG_ANALYZER_LOCALIZABILITY_NONLOCALIZED = YES;
				CLANG_ANALYZER_NONNULL = YES;
				CLANG_ANALYZER_NUMBER_OBJECT_CONVERSION = YES_AGGRESSIVE;
				CLANG_CXX_LANGUAGE_STANDARD = "gnu++14";
				CLANG_CXX_LIBRARY = "libc++";
				CLANG_ENABLE_MODULES = YES;
				CLANG_ENABLE_OBJC_ARC = YES;
				CLANG_ENABLE_OBJC_WEAK = YES;
				CLANG_WARN_BLOCK_CAPTURE_AUTORELEASING = YES;
				CLANG_WARN_BOOL_CONVERSION = YES;
				CLANG_WARN_COMMA = YES;
				CLANG_WARN_CONSTANT_CONVERSION = YES;
				CLANG_WARN_DEPRECATED_OBJC_IMPLEMENTATIONS = YES;
				CLANG_WARN_DIRECT_OBJC_ISA_USAGE = YES_ERROR;
				CLANG_WARN_DOCUMENTATION_COMMENTS = YES;
				CLANG_WARN_EMPTY_BODY = YES;
				CLANG_WARN_ENUM_CONVERSION = YES;
				CLANG_WARN_INFINITE_RECURSION = YES;
				CLANG_WARN_INT_CONVERSION = YES;
				CLANG_WARN_NON_LITERAL_NULL_CONVERSION = YES;
				CLANG_WARN_OBJC_IMPLICIT_RETAIN_SELF = YES;
				CLANG_WARN_OBJC_LITERAL_CONVERSION = YES;
				CLANG_WARN_OBJC_ROOT_CLASS = YES_ERROR;
				CLANG_WARN_RANGE_LOOP_ANALYSIS = YES;
				CLANG_WARN_STRICT_PROTOTYPES = YES;
				CLANG_WARN_SUSPICIOUS_MOVE = YES;
				CLANG_WARN_UNGUARDED_AVAILABILITY = YES_AGGRESSIVE;
				CLANG_WARN_UNREACHABLE_CODE = YES;
				CLANG_WARN__DUPLICATE_METHOD_MATCH = YES;
				CODE_SIGN_IDENTITY = "iPhone Developer";
				COPY_PHASE_STRIP = NO;
				DEBUG_INFORMATION_FORMAT = dwarf;
				ENABLE_STRICT_OBJC_MSGSEND = YES;
				ENABLE_TESTABILITY = YES;
				GCC_C_LANGUAGE_STANDARD = gnu11;
				GCC_DYNAMIC_NO_PIC = NO;
				GCC_NO_COMMON_BLOCKS = YES;
				GCC_OPTIMIZATION_LEVEL = 0;
				GCC_PREPROCESSOR_DEFINITIONS = (
					"DEBUG=1",
					"$(inherited)",
				);
				GCC_WARN_64_TO_32_BIT_CONVERSION = YES;
				GCC_WARN_ABOUT_RETURN_TYPE = YES_ERROR;
				GCC_WARN_UNDECLARED_SELECTOR = YES;
				GCC_WARN_UNINITIALIZED_AUTOS = YES_AGGRESSIVE;
				GCC_WARN_UNUSED_FUNCTION = YES;
				GCC_WARN_UNUSED_VARIABLE = YES;
				IPHONEOS_DEPLOYMENT_TARGET = 12.4;
				MTL_ENABLE_DEBUG_INFO = INCLUDE_SOURCE;
				MTL_FAST_MATH = YES;
				ONLY_ACTIVE_ARCH = YES;
				SDKROOT = iphoneos;
				SWIFT_ACTIVE_COMPILATION_CONDITIONS = DEBUG;
				SWIFT_OPTIMIZATION_LEVEL = "-Onone";
			};
			name = Debug;
		};
		E2AA39E722F6EF1C007B6245 /* Release */ = {
			isa = XCBuildConfiguration;
			buildSettings = {
				ALWAYS_SEARCH_USER_PATHS = NO;
				CLANG_ANALYZER_LOCALIZABILITY_NONLOCALIZED = YES;
				CLANG_ANALYZER_NONNULL = YES;
				CLANG_ANALYZER_NUMBER_OBJECT_CONVERSION = YES_AGGRESSIVE;
				CLANG_CXX_LANGUAGE_STANDARD = "gnu++14";
				CLANG_CXX_LIBRARY = "libc++";
				CLANG_ENABLE_MODULES = YES;
				CLANG_ENABLE_OBJC_ARC = YES;
				CLANG_ENABLE_OBJC_WEAK = YES;
				CLANG_WARN_BLOCK_CAPTURE_AUTORELEASING = YES;
				CLANG_WARN_BOOL_CONVERSION = YES;
				CLANG_WARN_COMMA = YES;
				CLANG_WARN_CONSTANT_CONVERSION = YES;
				CLANG_WARN_DEPRECATED_OBJC_IMPLEMENTATIONS = YES;
				CLANG_WARN_DIRECT_OBJC_ISA_USAGE = YES_ERROR;
				CLANG_WARN_DOCUMENTATION_COMMENTS = YES;
				CLANG_WARN_EMPTY_BODY = YES;
				CLANG_WARN_ENUM_CONVERSION = YES;
				CLANG_WARN_INFINITE_RECURSION = YES;
				CLANG_WARN_INT_CONVERSION = YES;
				CLANG_WARN_NON_LITERAL_NULL_CONVERSION = YES;
				CLANG_WARN_OBJC_IMPLICIT_RETAIN_SELF = YES;
				CLANG_WARN_OBJC_LITERAL_CONVERSION = YES;
				CLANG_WARN_OBJC_ROOT_CLASS = YES_ERROR;
				CLANG_WARN_RANGE_LOOP_ANALYSIS = YES;
				CLANG_WARN_STRICT_PROTOTYPES = YES;
				CLANG_WARN_SUSPICIOUS_MOVE = YES;
				CLANG_WARN_UNGUARDED_AVAILABILITY = YES_AGGRESSIVE;
				CLANG_WARN_UNREACHABLE_CODE = YES;
				CLANG_WARN__DUPLICATE_METHOD_MATCH = YES;
				CODE_SIGN_IDENTITY = "iPhone Developer";
				COPY_PHASE_STRIP = NO;
				DEBUG_INFORMATION_FORMAT = "dwarf-with-dsym";
				ENABLE_NS_ASSERTIONS = NO;
				ENABLE_STRICT_OBJC_MSGSEND = YES;
				GCC_C_LANGUAGE_STANDARD = gnu11;
				GCC_NO_COMMON_BLOCKS = YES;
				GCC_WARN_64_TO_32_BIT_CONVERSION = YES;
				GCC_WARN_ABOUT_RETURN_TYPE = YES_ERROR;
				GCC_WARN_UNDECLARED_SELECTOR = YES;
				GCC_WARN_UNINITIALIZED_AUTOS = YES_AGGRESSIVE;
				GCC_WARN_UNUSED_FUNCTION = YES;
				GCC_WARN_UNUSED_VARIABLE = YES;
				IPHONEOS_DEPLOYMENT_TARGET = 12.4;
				MTL_ENABLE_DEBUG_INFO = NO;
				MTL_FAST_MATH = YES;
				SDKROOT = iphoneos;
				SWIFT_COMPILATION_MODE = wholemodule;
				SWIFT_OPTIMIZATION_LEVEL = "-O";
				VALIDATE_PRODUCT = YES;
			};
			name = Release;
		};
		E2AA39E922F6EF1C007B6245 /* Debug */ = {
			isa = XCBuildConfiguration;
			buildSettings = {
				ASSETCATALOG_COMPILER_APPICON_NAME = AppIcon;
				CODE_SIGN_STYLE = Automatic;
				DEVELOPMENT_TEAM = FJCUFZHZ4W;
				INFOPLIST_FILE = "Les Calanques vf/Info.plist";
				LD_RUNPATH_SEARCH_PATHS = (
					"$(inherited)",
					"@executable_path/Frameworks",
				);
				PRODUCT_BUNDLE_IDENTIFIER = "MAAH.Les-Calanques-vf";
				PRODUCT_NAME = "$(TARGET_NAME)";
				SWIFT_VERSION = 5.0;
				TARGETED_DEVICE_FAMILY = "1,2";
			};
			name = Debug;
		};
		E2AA39EA22F6EF1C007B6245 /* Release */ = {
			isa = XCBuildConfiguration;
			buildSettings = {
				ASSETCATALOG_COMPILER_APPICON_NAME = AppIcon;
				CODE_SIGN_STYLE = Automatic;
				DEVELOPMENT_TEAM = FJCUFZHZ4W;
				INFOPLIST_FILE = "Les Calanques vf/Info.plist";
				LD_RUNPATH_SEARCH_PATHS = (
					"$(inherited)",
					"@executable_path/Frameworks",
				);
				PRODUCT_BUNDLE_IDENTIFIER = "MAAH.Les-Calanques-vf";
				PRODUCT_NAME = "$(TARGET_NAME)";
				SWIFT_VERSION = 5.0;
				TARGETED_DEVICE_FAMILY = "1,2";
			};
			name = Release;
		};
/* End XCBuildConfiguration section */

/* Begin XCConfigurationList section */
		E2AA39CF22F6EF1A007B6245 /* Build configuration list for PBXProject "Les Calanques vf" */ = {
			isa = XCConfigurationList;
			buildConfigurations = (
				E2AA39E622F6EF1C007B6245 /* Debug */,
				E2AA39E722F6EF1C007B6245 /* Release */,
			);
			defaultConfigurationIsVisible = 0;
			defaultConfigurationName = Release;
		};
		E2AA39E822F6EF1C007B6245 /* Build configuration list for PBXNativeTarget "Les Calanques vf" */ = {
			isa = XCConfigurationList;
			buildConfigurations = (
				E2AA39E922F6EF1C007B6245 /* Debug */,
				E2AA39EA22F6EF1C007B6245 /* Release */,
			);
			defaultConfigurationIsVisible = 0;
			defaultConfigurationName = Release;
		};
/* End XCConfigurationList section */
	};
	rootObject = E2AA39CC22F6EF1A007B6245 /* Project object */;
}
